
Microsoft Visual Studio Solution File, Format Version 12.00
# Visual Studio Version 16
VisualStudioVersion = 16.0.31205.134
MinimumVisualStudioVersion = 10.0.40219.1
Project("{8BC9CEB8-8B4A-11D0-8D11-00A0C91BC942}") = "CppFun", "CppFun\CppFun.vcxproj", "{4B71FBC7-AF8F-485A-A08E-B9F6AA8F7940}"
EndProject
Global
	GlobalSection(SolutionConfigurationPlatforms) = preSolution
		Debug|x64 = Debug|x64
		Debug|x86 = Debug|x86
		Release|x64 = Release|x64
		Release|x86 = Release|x86
	EndGlobalSection
	GlobalSection(ProjectConfigurationPlatforms) = postSolution
		{4B71FBC7-AF8F-485A-A08E-B9F6AA8F7940}.Debug|x64.ActiveCfg = Debug|x64
		{4B71FBC7-AF8F-485A-A08E-B9F6AA8F7940}.Debug|x64.Build.0 = Debug|x64
		{4B71FBC7-AF8F-485A-A08E-B9F6AA8F7940}.Debug|x86.ActiveCfg = Debug|Win32
		{4B71FBC7-AF8F-485A-A08E-B9F6AA8F7940}.Debug|x86.Build.0 = Debug|Win32
		{4B71FBC7-AF8F-485A-A08E-B9F6AA8F7940}.Release|x64.ActiveCfg = Release|x64
		{4B71FBC7-AF8F-485A-A08E-B9F6AA8F7940}.Release|x64.Build.0 = Release|x64
		{4B71FBC7-AF8F-485A-A08E-B9F6AA8F7940}.Release|x86.ActiveCfg = Release|Win32
		{4B71FBC7-AF8F-485A-A08E-B9F6AA8F7940}.Release|x86.Build.0 = Release|Win32
	EndGlobalSection
	GlobalSection(SolutionProperties) = preSolution
		HideSolutionNode = FALSE
	EndGlobalSection
	GlobalSection(ExtensibilityGlobals) = postSolution
		SolutionGuid = {2B06DADF-CD03-4AA6-88EE-55CBB68A040F}
	EndGlobalSection
EndGlobal
